# This is a Gradle generated file for dependency locking.
# Manual edits can break the build and are not advised.
# This file is expected to be part of source control.
aopalliance:aopalliance:1.0=annotationProcessor
com.github.ben-manes.caffeine:caffeine:3.0.5=annotationProcessor
com.github.kevinstern:software-and-algorithms:1.0=annotationProcessor
com.google.auto.service:auto-service-annotations:1.0.1=annotationProcessor
com.google.auto.value:auto-value-annotations:1.9=annotationProcessor
com.google.auto:auto-common:1.2.2=annotationProcessor
com.google.code.findbugs:jsr305:3.0.2=annotationProcessor
com.google.errorprone:error_prone_annotation:2.27.1=annotationProcessor
com.google.errorprone:error_prone_annotations:2.27.1=annotationProcessor
com.google.errorprone:error_prone_check_api:2.27.1=annotationProcessor
com.google.errorprone:error_prone_core:2.27.1=annotationProcessor
com.google.errorprone:error_prone_type_annotations:2.27.1=annotationProcessor
com.google.guava:failureaccess:1.0.1=annotationProcessor
com.google.guava:guava-parent:32.1.1-jre=annotationProcessor
com.google.guava:guava:32.1.1-jre=annotationProcessor
com.google.inject:guice:5.1.0=annotationProcessor
com.google.protobuf:protobuf-java:3.19.6=annotationProcessor
io.github.eisop:dataflow-errorprone:3.41.0-eisop1=annotationProcessor
io.github.java-diff-utils:java-diff-utils:4.12=annotationProcessor
javax.inject:javax.inject:1=annotationProcessor
org.checkerframework:checker-qual:3.33.0=annotationProcessor
org.pcollections:pcollections:4.0.1=annotationProcessor
org.slf4j:slf4j-api:2.0.13=compileClasspath
empty=
